// !$*UTF8*$!
{
	archiveVersion = 1;
	classes = {
	};
	objectVersion = 46;
	objects = {

/* Begin PBXBuildFile section */
		7B7E9B821E66DB690004C6C9 /* AppDelegate.swift in Sources */ = {isa = PBXBuildFile; fileRef = 7B7E9B811E66DB690004C6C9 /* AppDelegate.swift */; };
		7B7E9B841E66DB690004C6C9 /* ViewController.swift in Sources */ = {isa = PBXBuildFile; fileRef = 7B7E9B831E66DB690004C6C9 /* ViewController.swift */; };
		7B7E9B871E66DB690004C6C9 /* Main.storyboard in Resources */ = {isa = PBXBuildFile; fileRef = 7B7E9B851E66DB690004C6C9 /* Main.storyboard */; };
		7B7E9B891E66DB690004C6C9 /* Assets.xcassets in Resources */ = {isa = PBXBuildFile; fileRef = 7B7E9B881E66DB690004C6C9 /* Assets.xcassets */; };
		7B7E9B8C1E66DB690004C6C9 /* LaunchScreen.storyboard in Resources */ = {isa = PBXBuildFile; fileRef = 7B7E9B8A1E66DB690004C6C9 /* LaunchScreen.storyboard */; };
		7B7E9B941E66DD750004C6C9 /* mainScreen.png in Resources */ = {isa = PBXBuildFile; fileRef = 7B7E9B931E66DD750004C6C9 /* mainScreen.png */; };
		7B7E9BC91E66E1910004C6C9 /* diamond4.png in Resources */ = {isa = PBXBuildFile; fileRef = 7B7E9B951E66E1910004C6C9 /* diamond4.png */; };
		7B7E9BCA1E66E1910004C6C9 /* heart4.png in Resources */ = {isa = PBXBuildFile; fileRef = 7B7E9B961E66E1910004C6C9 /* heart4.png */; };
		7B7E9BCB1E66E1910004C6C9 /* spade4.png in Resources */ = {isa = PBXBuildFile; fileRef = 7B7E9B971E66E1910004C6C9 /* spade4.png */; };
		7B7E9BCC1E66E1910004C6C9 /* diamond5.png in Resources */ = {isa = PBXBuildFile; fileRef = 7B7E9B981E66E1910004C6C9 /* diamond5.png */; };
		7B7E9BCD1E66E1910004C6C9 /* heart5.png in Resources */ = {isa = PBXBuildFile; fileRef = 7B7E9B991E66E1910004C6C9 /* heart5.png */; };
		7B7E9BCE1E66E1910004C6C9 /* spade5.png in Resources */ = {isa = PBXBuildFile; fileRef = 7B7E9B9A1E66E1910004C6C9 /* spade5.png */; };
		7B7E9BCF1E66E1910004C6C9 /* diamond6.png in Resources */ = {isa = PBXBuildFile; fileRef = 7B7E9B9B1E66E1910004C6C9 /* diamond6.png */; };
		7B7E9BD01E66E1910004C6C9 /* heart6.png in Resources */ = {isa = PBXBuildFile; fileRef = 7B7E9B9C1E66E1910004C6C9 /* heart6.png */; };
		7B7E9BD11E66E1910004C6C9 /* diamond7.png in Resources */ = {isa = PBXBuildFile; fileRef = 7B7E9B9D1E66E1910004C6C9 /* diamond7.png */; };
		7B7E9BD21E66E1910004C6C9 /* heart7.png in Resources */ = {isa = PBXBuildFile; fileRef = 7B7E9B9E1E66E1910004C6C9 /* heart7.png */; };
		7B7E9BD31E66E1910004C6C9 /* spade7.png in Resources */ = {isa = PBXBuildFile; fileRef = 7B7E9B9F1E66E1910004C6C9 /* spade7.png */; };
		7B7E9BD41E66E1910004C6C9 /* diamond8.png in Resources */ = {isa = PBXBuildFile; fileRef = 7B7E9BA01E66E1910004C6C9 /* diamond8.png */; };
		7B7E9BD51E66E1910004C6C9 /* heart8.png in Resources */ = {isa = PBXBuildFile; fileRef = 7B7E9BA11E66E1910004C6C9 /* heart8.png */; };
		7B7E9BD61E66E1910004C6C9 /* spade8.png in Resources */ = {isa = PBXBuildFile; fileRef = 7B7E9BA21E66E1910004C6C9 /* spade8.png */; };
		7B7E9BD71E66E1910004C6C9 /* diamond9.png in Resources */ = {isa = PBXBuildFile; fileRef = 7B7E9BA31E66E1910004C6C9 /* diamond9.png */; };
		7B7E9BD91E66E1910004C6C9 /* spade9.png in Resources */ = {isa = PBXBuildFile; fileRef = 7B7E9BA51E66E1910004C6C9 /* spade9.png */; };
		7B7E9BDA1E66E1910004C6C9 /* shamrock10.png in Resources */ = {isa = PBXBuildFile; fileRef = 7B7E9BA61E66E1910004C6C9 /* shamrock10.png */; };
		7B7E9BDB1E66E1910004C6C9 /* diamond10.png in Resources */ = {isa = PBXBuildFile; fileRef = 7B7E9BA71E66E1910004C6C9 /* diamond10.png */; };
		7B7E9BDC1E66E1910004C6C9 /* heart10.png in Resources */ = {isa = PBXBuildFile; fileRef = 7B7E9BA81E66E1910004C6C9 /* heart10.png */; };
		7B7E9BDD1E66E1910004C6C9 /* spade10.png in Resources */ = {isa = PBXBuildFile; fileRef = 7B7E9BA91E66E1910004C6C9 /* spade10.png */; };
		7B7E9BDE1E66E1910004C6C9 /* diamond11.png in Resources */ = {isa = PBXBuildFile; fileRef = 7B7E9BAA1E66E1910004C6C9 /* diamond11.png */; };
		7B7E9BDF1E66E1910004C6C9 /* heart11.png in Resources */ = {isa = PBXBuildFile; fileRef = 7B7E9BAB1E66E1910004C6C9 /* heart11.png */; };
		7B7E9BE01E66E1910004C6C9 /* spade11.png in Resources */ = {isa = PBXBuildFile; fileRef = 7B7E9BAC1E66E1910004C6C9 /* spade11.png */; };
		7B7E9BE11E66E1910004C6C9 /* diamond12.png in Resources */ = {isa = PBXBuildFile; fileRef = 7B7E9BAD1E66E1910004C6C9 /* diamond12.png */; };
		7B7E9BE21E66E1910004C6C9 /* heart12.png in Resources */ = {isa = PBXBuildFile; fileRef = 7B7E9BAE1E66E1910004C6C9 /* heart12.png */; };
		7B7E9BE31E66E1910004C6C9 /* spade12.png in Resources */ = {isa = PBXBuildFile; fileRef = 7B7E9BAF1E66E1910004C6C9 /* spade12.png */; };
		7B7E9BE41E66E1910004C6C9 /* diamond13.png in Resources */ = {isa = PBXBuildFile; fileRef = 7B7E9BB01E66E1910004C6C9 /* diamond13.png */; };
		7B7E9BE51E66E1910004C6C9 /* heart13.png in Resources */ = {isa = PBXBuildFile; fileRef = 7B7E9BB11E66E1910004C6C9 /* heart13.png */; };
		7B7E9BE61E66E1910004C6C9 /* spade13.png in Resources */ = {isa = PBXBuildFile; fileRef = 7B7E9BB21E66E1910004C6C9 /* spade13.png */; };
		7B7E9BE71E66E1910004C6C9 /* diamond1.png in Resources */ = {isa = PBXBuildFile; fileRef = 7B7E9BB31E66E1910004C6C9 /* diamond1.png */; };
		7B7E9BE81E66E1910004C6C9 /* diamond2.png in Resources */ = {isa = PBXBuildFile; fileRef = 7B7E9BB41E66E1910004C6C9 /* diamond2.png */; };
		7B7E9BE91E66E1910004C6C9 /* diamond3.png in Resources */ = {isa = PBXBuildFile; fileRef = 7B7E9BB51E66E1910004C6C9 /* diamond3.png */; };
		7B7E9BEA1E66E1910004C6C9 /* heart1.png in Resources */ = {isa = PBXBuildFile; fileRef = 7B7E9BB61E66E1910004C6C9 /* heart1.png */; };
		7B7E9BEB1E66E1910004C6C9 /* heart2.png in Resources */ = {isa = PBXBuildFile; fileRef = 7B7E9BB71E66E1910004C6C9 /* heart2.png */; };
		7B7E9BEC1E66E1910004C6C9 /* heart3.png in Resources */ = {isa = PBXBuildFile; fileRef = 7B7E9BB81E66E1910004C6C9 /* heart3.png */; };
		7B7E9BED1E66E1910004C6C9 /* shamrock1.png in Resources */ = {isa = PBXBuildFile; fileRef = 7B7E9BB91E66E1910004C6C9 /* shamrock1.png */; };
		7B7E9BEE1E66E1910004C6C9 /* shamrock2.png in Resources */ = {isa = PBXBuildFile; fileRef = 7B7E9BBA1E66E1910004C6C9 /* shamrock2.png */; };
		7B7E9BEF1E66E1910004C6C9 /* shamrock3.png in Resources */ = {isa = PBXBuildFile; fileRef = 7B7E9BBB1E66E1910004C6C9 /* shamrock3.png */; };
		7B7E9BF01E66E1910004C6C9 /* shamrock4.png in Resources */ = {isa = PBXBuildFile; fileRef = 7B7E9BBC1E66E1910004C6C9 /* shamrock4.png */; };
		7B7E9BF11E66E1910004C6C9 /* shamrock5.png in Resources */ = {isa = PBXBuildFile; fileRef = 7B7E9BBD1E66E1910004C6C9 /* shamrock5.png */; };
		7B7E9BF21E66E1910004C6C9 /* shamrock6.png in Resources */ = {isa = PBXBuildFile; fileRef = 7B7E9BBE1E66E1910004C6C9 /* shamrock6.png */; };
		7B7E9BF31E66E1910004C6C9 /* shamrock7.png in Resources */ = {isa = PBXBuildFile; fileRef = 7B7E9BBF1E66E1910004C6C9 /* shamrock7.png */; };
		7B7E9BF41E66E1910004C6C9 /* shamrock8.png in Resources */ = {isa = PBXBuildFile; fileRef = 7B7E9BC01E66E1910004C6C9 /* shamrock8.png */; };
		7B7E9BF51E66E1910004C6C9 /* shamrock9.png in Resources */ = {isa = PBXBuildFile; fileRef = 7B7E9BC11E66E1910004C6C9 /* shamrock9.png */; };
		7B7E9BF61E66E1910004C6C9 /* shamrock11.png in Resources */ = {isa = PBXBuildFile; fileRef = 7B7E9BC21E66E1910004C6C9 /* shamrock11.png */; };
		7B7E9BF71E66E1910004C6C9 /* shamrock12.png in Resources */ = {isa = PBXBuildFile; fileRef = 7B7E9BC31E66E1910004C6C9 /* shamrock12.png */; };
		7B7E9BF81E66E1910004C6C9 /* shamrock13.png in Resources */ = {isa = PBXBuildFile; fileRef = 7B7E9BC41E66E1910004C6C9 /* shamrock13.png */; };
		7B7E9BF91E66E1910004C6C9 /* spade1.png in Resources */ = {isa = PBXBuildFile; fileRef = 7B7E9BC51E66E1910004C6C9 /* spade1.png */; };
		7B7E9BFA1E66E1910004C6C9 /* spade2.png in Resources */ = {isa = PBXBuildFile; fileRef = 7B7E9BC61E66E1910004C6C9 /* spade2.png */; };
		7B7E9BFB1E66E1910004C6C9 /* spade3.png in Resources */ = {isa = PBXBuildFile; fileRef = 7B7E9BC71E66E1910004C6C9 /* spade3.png */; };
		7B7E9BFC1E66E1910004C6C9 /* spade6.png in Resources */ = {isa = PBXBuildFile; fileRef = 7B7E9BC81E66E1910004C6C9 /* spade6.png */; };
		7B8069AF1FE419C6000A2F22 /* PageOneViewController.swift in Sources */ = {isa = PBXBuildFile; fileRef = 7B8069AD1FE419C6000A2F22 /* PageOneViewController.swift */; };
		7B8069B01FE419C6000A2F22 /* PageOneViewController.xib in Resources */ = {isa = PBXBuildFile; fileRef = 7B8069AE1FE419C6000A2F22 /* PageOneViewController.xib */; };
		7B8069B21FE41A0F000A2F22 /* WalkthoughViewController.swift in Sources */ = {isa = PBXBuildFile; fileRef = 7B8069B11FE41A0F000A2F22 /* WalkthoughViewController.swift */; };
		7B8069B51FE41B73000A2F22 /* Page2ViewController.swift in Sources */ = {isa = PBXBuildFile; fileRef = 7B8069B31FE41B73000A2F22 /* Page2ViewController.swift */; };
		7B8069B61FE41B73000A2F22 /* Page2ViewController.xib in Resources */ = {isa = PBXBuildFile; fileRef = 7B8069B41FE41B73000A2F22 /* Page2ViewController.xib */; };
		7B8069B91FE42E34000A2F22 /* page3ViewController.swift in Sources */ = {isa = PBXBuildFile; fileRef = 7B8069B71FE42E34000A2F22 /* page3ViewController.swift */; };
		7B8069BA1FE42E34000A2F22 /* page3ViewController.xib in Resources */ = {isa = PBXBuildFile; fileRef = 7B8069B81FE42E34000A2F22 /* page3ViewController.xib */; };
		7B8069BE1FE4304F000A2F22 /* Page4ViewController.swift in Sources */ = {isa = PBXBuildFile; fileRef = 7B8069BC1FE4304F000A2F22 /* Page4ViewController.swift */; };
		7B8069BF1FE4304F000A2F22 /* Page4ViewController.xib in Resources */ = {isa = PBXBuildFile; fileRef = 7B8069BD1FE4304F000A2F22 /* Page4ViewController.xib */; };
		7B8069C11FE47FAF000A2F22 /* PracticeViewController.swift in Sources */ = {isa = PBXBuildFile; fileRef = 7B8069C01FE47FAF000A2F22 /* PracticeViewController.swift */; };
/* End PBXBuildFile section */

/* Begin PBXFileReference section */
		7B7E9B7E1E66DB690004C6C9 /* CardTrick.app */ = {isa = PBXFileReference; explicitFileType = wrapper.application; includeInIndex = 0; path = CardTrick.app; sourceTree = BUILT_PRODUCTS_DIR; };
		7B7E9B811E66DB690004C6C9 /* AppDelegate.swift */ = {isa = PBXFileReference; lastKnownFileType = sourcecode.swift; path = AppDelegate.swift; sourceTree = "<group>"; };
		7B7E9B831E66DB690004C6C9 /* ViewController.swift */ = {isa = PBXFileReference; lastKnownFileType = sourcecode.swift; path = ViewController.swift; sourceTree = "<group>"; };
		7B7E9B861E66DB690004C6C9 /* Base */ = {isa = PBXFileReference; lastKnownFileType = file.storyboard; name = Base; path = Base.lproj/Main.storyboard; sourceTree = "<group>"; };
		7B7E9B881E66DB690004C6C9 /* Assets.xcassets */ = {isa = PBXFileReference; lastKnownFileType = folder.assetcatalog; path = Assets.xcassets; sourceTree = "<group>"; };
		7B7E9B8B1E66DB690004C6C9 /* Base */ = {isa = PBXFileReference; lastKnownFileType = file.storyboard; name = Base; path = Base.lproj/LaunchScreen.storyboard; sourceTree = "<group>"; };
		7B7E9B8D1E66DB690004C6C9 /* Info.plist */ = {isa = PBXFileReference; lastKnownFileType = text.plist.xml; path = Info.plist; sourceTree = "<group>"; };
		7B7E9B931E66DD750004C6C9 /* mainScreen.png */ = {isa = PBXFileReference; lastKnownFileType = image.png; path = mainScreen.png; sourceTree = "<group>"; };
		7B7E9B951E66E1910004C6C9 /* diamond4.png */ = {isa = PBXFileReference; lastKnownFileType = image.png; path = diamond4.png; sourceTree = "<group>"; };
		7B7E9B961E66E1910004C6C9 /* heart4.png */ = {isa = PBXFileReference; lastKnownFileType = image.png; path = heart4.png; sourceTree = "<group>"; };
		7B7E9B971E66E1910004C6C9 /* spade4.png */ = {isa = PBXFileReference; lastKnownFileType = image.png; path = spade4.png; sourceTree = "<group>"; };
		7B7E9B981E66E1910004C6C9 /* diamond5.png */ = {isa = PBXFileReference; lastKnownFileType = image.png; path = diamond5.png; sourceTree = "<group>"; };
		7B7E9B991E66E1910004C6C9 /* heart5.png */ = {isa = PBXFileReference; lastKnownFileType = image.png; path = heart5.png; sourceTree = "<group>"; };
		7B7E9B9A1E66E1910004C6C9 /* spade5.png */ = {isa = PBXFileReference; lastKnownFileType = image.png; path = spade5.png; sourceTree = "<group>"; };
		7B7E9B9B1E66E1910004C6C9 /* diamond6.png */ = {isa = PBXFileReference; lastKnownFileType = image.png; path = diamond6.png; sourceTree = "<group>"; };
		7B7E9B9C1E66E1910004C6C9 /* heart6.png */ = {isa = PBXFileReference; lastKnownFileType = image.png; path = heart6.png; sourceTree = "<group>"; };
		7B7E9B9D1E66E1910004C6C9 /* diamond7.png */ = {isa = PBXFileReference; lastKnownFileType = image.png; path = diamond7.png; sourceTree = "<group>"; };
		7B7E9B9E1E66E1910004C6C9 /* heart7.png */ = {isa = PBXFileReference; lastKnownFileType = image.png; path = heart7.png; sourceTree = "<group>"; };
		7B7E9B9F1E66E1910004C6C9 /* spade7.png */ = {isa = PBXFileReference; lastKnownFileType = image.png; path = spade7.png; sourceTree = "<group>"; };
		7B7E9BA01E66E1910004C6C9 /* diamond8.png */ = {isa = PBXFileReference; lastKnownFileType = image.png; path = diamond8.png; sourceTree = "<group>"; };
		7B7E9BA11E66E1910004C6C9 /* heart8.png */ = {isa = PBXFileReference; lastKnownFileType = image.png; path = heart8.png; sourceTree = "<group>"; };
		7B7E9BA21E66E1910004C6C9 /* spade8.png */ = {isa = PBXFileReference; lastKnownFileType = image.png; path = spade8.png; sourceTree = "<group>"; };
		7B7E9BA31E66E1910004C6C9 /* diamond9.png */ = {isa = PBXFileReference; lastKnownFileType = image.png; path = diamond9.png; sourceTree = "<group>"; };
		7B7E9BA51E66E1910004C6C9 /* spade9.png */ = {isa = PBXFileReference; lastKnownFileType = image.png; path = spade9.png; sourceTree = "<group>"; };
		7B7E9BA61E66E1910004C6C9 /* shamrock10.png */ = {isa = PBXFileReference; lastKnownFileType = image.png; path = shamrock10.png; sourceTree = "<group>"; };
		7B7E9BA71E66E1910004C6C9 /* diamond10.png */ = {isa = PBXFileReference; lastKnownFileType = image.png; path = diamond10.png; sourceTree = "<group>"; };
		7B7E9BA81E66E1910004C6C9 /* heart10.png */ = {isa = PBXFileReference; lastKnownFileType = image.png; path = heart10.png; sourceTree = "<group>"; };
		7B7E9BA91E66E1910004C6C9 /* spade10.png */ = {isa = PBXFileReference; lastKnownFileType = image.png; path = spade10.png; sourceTree = "<group>"; };
		7B7E9BAA1E66E1910004C6C9 /* diamond11.png */ = {isa = PBXFileReference; lastKnownFileType = image.png; path = diamond11.png; sourceTree = "<group>"; };
		7B7E9BAB1E66E1910004C6C9 /* heart11.png */ = {isa = PBXFileReference; lastKnownFileType = image.png; path = heart11.png; sourceTree = "<group>"; };
		7B7E9BAC1E66E1910004C6C9 /* spade11.png */ = {isa = PBXFileReference; lastKnownFileType = image.png; path = spade11.png; sourceTree = "<group>"; };
		7B7E9BAD1E66E1910004C6C9 /* diamond12.png */ = {isa = PBXFileReference; lastKnownFileType = image.png; path = diamond12.png; sourceTree = "<group>"; };
		7B7E9BAE1E66E1910004C6C9 /* heart12.png */ = {isa = PBXFileReference; lastKnownFileType = image.png; path = heart12.png; sourceTree = "<group>"; };
		7B7E9BAF1E66E1910004C6C9 /* spade12.png */ = {isa = PBXFileReference; lastKnownFileType = image.png; path = spade12.png; sourceTree = "<group>"; };
		7B7E9BB01E66E1910004C6C9 /* diamond13.png */ = {isa = PBXFileReference; lastKnownFileType = image.png; path = diamond13.png; sourceTree = "<group>"; };
		7B7E9BB11E66E1910004C6C9 /* heart13.png */ = {isa = PBXFileReference; lastKnownFileType = image.png; path = heart13.png; sourceTree = "<group>"; };
		7B7E9BB21E66E1910004C6C9 /* spade13.png */ = {isa = PBXFileReference; lastKnownFileType = image.png; path = spade13.png; sourceTree = "<group>"; };
		7B7E9BB31E66E1910004C6C9 /* diamond1.png */ = {isa = PBXFileReference; lastKnownFileType = image.png; path = diamond1.png; sourceTree = "<group>"; };
		7B7E9BB41E66E1910004C6C9 /* diamond2.png */ = {isa = PBXFileReference; lastKnownFileType = image.png; path = diamond2.png; sourceTree = "<group>"; };
		7B7E9BB51E66E1910004C6C9 /* diamond3.png */ = {isa = PBXFileReference; lastKnownFileType = image.png; path = diamond3.png; sourceTree = "<group>"; };
		7B7E9BB61E66E1910004C6C9 /* heart1.png */ = {isa = PBXFileReference; lastKnownFileType = image.png; path = heart1.png; sourceTree = "<group>"; };
		7B7E9BB71E66E1910004C6C9 /* heart2.png */ = {isa = PBXFileReference; lastKnownFileType = image.png; path = heart2.png; sourceTree = "<group>"; };
		7B7E9BB81E66E1910004C6C9 /* heart3.png */ = {isa = PBXFileReference; lastKnownFileType = image.png; path = heart3.png; sourceTree = "<group>"; };
		7B7E9BB91E66E1910004C6C9 /* shamrock1.png */ = {isa = PBXFileReference; lastKnownFileType = image.png; path = shamrock1.png; sourceTree = "<group>"; };
		7B7E9BBA1E66E1910004C6C9 /* shamrock2.png */ = {isa = PBXFileReference; lastKnownFileType = image.png; path = shamrock2.png; sourceTree = "<group>"; };
		7B7E9BBB1E66E1910004C6C9 /* shamrock3.png */ = {isa = PBXFileReference; lastKnownFileType = image.png; path = shamrock3.png; sourceTree = "<group>"; };
		7B7E9BBC1E66E1910004C6C9 /* shamrock4.png */ = {isa = PBXFileReference; lastKnownFileType = image.png; path = shamrock4.png; sourceTree = "<group>"; };
		7B7E9BBD1E66E1910004C6C9 /* shamrock5.png */ = {isa = PBXFileReference; lastKnownFileType = image.png; path = shamrock5.png; sourceTree = "<group>"; };
		7B7E9BBE1E66E1910004C6C9 /* shamrock6.png */ = {isa = PBXFileReference; lastKnownFileType = image.png; path = shamrock6.png; sourceTree = "<group>"; };
		7B7E9BBF1E66E1910004C6C9 /* shamrock7.png */ = {isa = PBXFileReference; lastKnownFileType = image.png; path = shamrock7.png; sourceTree = "<group>"; };
		7B7E9BC01E66E1910004C6C9 /* shamrock8.png */ = {isa = PBXFileReference; lastKnownFileType = image.png; path = shamrock8.png; sourceTree = "<group>"; };
		7B7E9BC11E66E1910004C6C9 /* shamrock9.png */ = {isa = PBXFileReference; lastKnownFileType = image.png; path = shamrock9.png; sourceTree = "<group>"; };
		7B7E9BC21E66E1910004C6C9 /* shamrock11.png */ = {isa = PBXFileReference; lastKnownFileType = image.png; path = shamrock11.png; sourceTree = "<group>"; };
		7B7E9BC31E66E1910004C6C9 /* shamrock12.png */ = {isa = PBXFileReference; lastKnownFileType = image.png; path = shamrock12.png; sourceTree = "<group>"; };
		7B7E9BC41E66E1910004C6C9 /* shamrock13.png */ = {isa = PBXFileReference; lastKnownFileType = image.png; path = shamrock13.png; sourceTree = "<group>"; };
		7B7E9BC51E66E1910004C6C9 /* spade1.png */ = {isa = PBXFileReference; lastKnownFileType = image.png; path = spade1.png; sourceTree = "<group>"; };
		7B7E9BC61E66E1910004C6C9 /* spade2.png */ = {isa = PBXFileReference; lastKnownFileType = image.png; path = spade2.png; sourceTree = "<group>"; };
		7B7E9BC71E66E1910004C6C9 /* spade3.png */ = {isa = PBXFileReference; lastKnownFileType = image.png; path = spade3.png; sourceTree = "<group>"; };
		7B7E9BC81E66E1910004C6C9 /* spade6.png */ = {isa = PBXFileReference; lastKnownFileType = image.png; path = spade6.png; sourceTree = "<group>"; };
		7B8069AD1FE419C6000A2F22 /* PageOneViewController.swift */ = {isa = PBXFileReference; lastKnownFileType = sourcecode.swift; path = PageOneViewController.swift; sourceTree = "<group>"; };
		7B8069AE1FE419C6000A2F22 /* PageOneViewController.xib */ = {isa = PBXFileReference; lastKnownFileType = file.xib; path = PageOneViewController.xib; sourceTree = "<group>"; };
		7B8069B11FE41A0F000A2F22 /* WalkthoughViewController.swift */ = {isa = PBXFileReference; lastKnownFileType = sourcecode.swift; path = WalkthoughViewController.swift; sourceTree = "<group>"; };
		7B8069B31FE41B73000A2F22 /* Page2ViewController.swift */ = {isa = PBXFileReference; lastKnownFileType = sourcecode.swift; path = Page2ViewController.swift; sourceTree = "<group>"; };
		7B8069B41FE41B73000A2F22 /* Page2ViewController.xib */ = {isa = PBXFileReference; lastKnownFileType = file.xib; path = Page2ViewController.xib; sourceTree = "<group>"; };
		7B8069B71FE42E34000A2F22 /* page3ViewController.swift */ = {isa = PBXFileReference; lastKnownFileType = sourcecode.swift; path = page3ViewController.swift; sourceTree = "<group>"; };
		7B8069B81FE42E34000A2F22 /* page3ViewController.xib */ = {isa = PBXFileReference; lastKnownFileType = file.xib; path = page3ViewController.xib; sourceTree = "<group>"; };
		7B8069BC1FE4304F000A2F22 /* Page4ViewController.swift */ = {isa = PBXFileReference; lastKnownFileType = sourcecode.swift; path = Page4ViewController.swift; sourceTree = "<group>"; };
		7B8069BD1FE4304F000A2F22 /* Page4ViewController.xib */ = {isa = PBXFileReference; lastKnownFileType = file.xib; path = Page4ViewController.xib; sourceTree = "<group>"; };
		7B8069C01FE47FAF000A2F22 /* PracticeViewController.swift */ = {isa = PBXFileReference; lastKnownFileType = sourcecode.swift; path = PracticeViewController.swift; sourceTree = "<group>"; };
/* End PBXFileReference section */

/* Begin PBXFrameworksBuildPhase section */
		7B7E9B7B1E66DB690004C6C9 /* Frameworks */ = {
			isa = PBXFrameworksBuildPhase;
			buildActionMask = 2147483647;
			files = (
			);
			runOnlyForDeploymentPostprocessing = 0;
		};
/* End PBXFrameworksBuildPhase section */

/* Begin PBXGroup section */
		1402290121FD181B00BB10FD /* cards */ = {
			isa = PBXGroup;
			children = (
				7B7E9B9A1E66E1910004C6C9 /* spade5.png */,
				7B7E9B951E66E1910004C6C9 /* diamond4.png */,
				7B7E9B971E66E1910004C6C9 /* spade4.png */,
				7B7E9B981E66E1910004C6C9 /* diamond5.png */,
				7B7E9B991E66E1910004C6C9 /* heart5.png */,
				7B7E9B9B1E66E1910004C6C9 /* diamond6.png */,
				7B7E9B9C1E66E1910004C6C9 /* heart6.png */,
				7B7E9B931E66DD750004C6C9 /* mainScreen.png */,
				7B7E9B961E66E1910004C6C9 /* heart4.png */,
				7B7E9B9D1E66E1910004C6C9 /* diamond7.png */,
				7B7E9B9E1E66E1910004C6C9 /* heart7.png */,
				7B7E9B9F1E66E1910004C6C9 /* spade7.png */,
				7B7E9BA01E66E1910004C6C9 /* diamond8.png */,
				7B7E9BA11E66E1910004C6C9 /* heart8.png */,
				7B7E9BA21E66E1910004C6C9 /* spade8.png */,
				7B7E9BA31E66E1910004C6C9 /* diamond9.png */,
				7B7E9BA51E66E1910004C6C9 /* spade9.png */,
				7B7E9BA61E66E1910004C6C9 /* shamrock10.png */,
				7B7E9BA71E66E1910004C6C9 /* diamond10.png */,
				7B7E9BA81E66E1910004C6C9 /* heart10.png */,
				7B7E9BA91E66E1910004C6C9 /* spade10.png */,
				7B7E9BAA1E66E1910004C6C9 /* diamond11.png */,
				7B7E9BAB1E66E1910004C6C9 /* heart11.png */,
				7B7E9BAC1E66E1910004C6C9 /* spade11.png */,
				7B7E9BAD1E66E1910004C6C9 /* diamond12.png */,
				7B7E9BAE1E66E1910004C6C9 /* heart12.png */,
				7B7E9BAF1E66E1910004C6C9 /* spade12.png */,
				7B7E9BB01E66E1910004C6C9 /* diamond13.png */,
				7B7E9BB11E66E1910004C6C9 /* heart13.png */,
				7B7E9BB21E66E1910004C6C9 /* spade13.png */,
				7B7E9BB31E66E1910004C6C9 /* diamond1.png */,
				7B7E9BB41E66E1910004C6C9 /* diamond2.png */,
				7B7E9BBC1E66E1910004C6C9 /* shamrock4.png */,
				7B7E9BBD1E66E1910004C6C9 /* shamrock5.png */,
				7B7E9BBE1E66E1910004C6C9 /* shamrock6.png */,
				7B7E9BBF1E66E1910004C6C9 /* shamrock7.png */,
				7B7E9BC01E66E1910004C6C9 /* shamrock8.png */,
				7B7E9BC11E66E1910004C6C9 /* shamrock9.png */,
				7B7E9BC21E66E1910004C6C9 /* shamrock11.png */,
				7B7E9BC31E66E1910004C6C9 /* shamrock12.png */,
				7B7E9BC41E66E1910004C6C9 /* shamrock13.png */,
				7B7E9BC51E66E1910004C6C9 /* spade1.png */,
				7B7E9BC61E66E1910004C6C9 /* spade2.png */,
				7B7E9BC71E66E1910004C6C9 /* spade3.png */,
				7B7E9BC81E66E1910004C6C9 /* spade6.png */,
				7B7E9BB51E66E1910004C6C9 /* diamond3.png */,
				7B7E9BB61E66E1910004C6C9 /* heart1.png */,
				7B7E9BB71E66E1910004C6C9 /* heart2.png */,
				7B7E9BB81E66E1910004C6C9 /* heart3.png */,
				7B7E9BB91E66E1910004C6C9 /* shamrock1.png */,
				7B7E9BBA1E66E1910004C6C9 /* shamrock2.png */,
				7B7E9BBB1E66E1910004C6C9 /* shamrock3.png */,
			);
			name = cards;
			path = "New Group";
			sourceTree = "<group>";
		};
		7B7E9B751E66DB690004C6C9 = {
			isa = PBXGroup;
			children = (
				7B7E9B801E66DB690004C6C9 /* CardTrick */,
				7B7E9B7F1E66DB690004C6C9 /* Products */,
				1402290121FD181B00BB10FD /* cards */,
			);
			sourceTree = "<group>";
		};
		7B7E9B7F1E66DB690004C6C9 /* Products */ = {
			isa = PBXGroup;
			children = (
				7B7E9B7E1E66DB690004C6C9 /* CardTrick.app */,
			);
			name = Products;
			sourceTree = "<group>";
		};
		7B7E9B801E66DB690004C6C9 /* CardTrick */ = {
			isa = PBXGroup;
			children = (
				7B7E9B811E66DB690004C6C9 /* AppDelegate.swift */,
				7B7E9B831E66DB690004C6C9 /* ViewController.swift */,
				7B7E9B851E66DB690004C6C9 /* Main.storyboard */,
				7B8069C01FE47FAF000A2F22 /* PracticeViewController.swift */,
				7B7E9B881E66DB690004C6C9 /* Assets.xcassets */,
				7B8069B11FE41A0F000A2F22 /* WalkthoughViewController.swift */,
				7B8069BB1FE42E3E000A2F22 /* Walkthough */,
				7B7E9B8A1E66DB690004C6C9 /* LaunchScreen.storyboard */,
				7B7E9B8D1E66DB690004C6C9 /* Info.plist */,
			);
			path = CardTrick;
			sourceTree = "<group>";
		};
		7B8069BB1FE42E3E000A2F22 /* Walkthough */ = {
			isa = PBXGroup;
			children = (
				7B8069AD1FE419C6000A2F22 /* PageOneViewController.swift */,
				7B8069AE1FE419C6000A2F22 /* PageOneViewController.xib */,
				7B8069B31FE41B73000A2F22 /* Page2ViewController.swift */,
				7B8069B41FE41B73000A2F22 /* Page2ViewController.xib */,
				7B8069B71FE42E34000A2F22 /* page3ViewController.swift */,
				7B8069B81FE42E34000A2F22 /* page3ViewController.xib */,
				7B8069BC1FE4304F000A2F22 /* Page4ViewController.swift */,
				7B8069BD1FE4304F000A2F22 /* Page4ViewController.xib */,
			);
			path = Walkthough;
			sourceTree = "<group>";
		};
/* End PBXGroup section */

/* Begin PBXNativeTarget section */
		7B7E9B7D1E66DB690004C6C9 /* CardTrick */ = {
			isa = PBXNativeTarget;
			buildConfigurationList = 7B7E9B901E66DB690004C6C9 /* Build configuration list for PBXNativeTarget "CardTrick" */;
			buildPhases = (
				7B7E9B7A1E66DB690004C6C9 /* Sources */,
				7B7E9B7B1E66DB690004C6C9 /* Frameworks */,
				7B7E9B7C1E66DB690004C6C9 /* Resources */,
			);
			buildRules = (
			);
			dependencies = (
			);
			name = CardTrick;
			productName = CardTrick;
			productReference = 7B7E9B7E1E66DB690004C6C9 /* CardTrick.app */;
			productType = "com.apple.product-type.application";
		};
/* End PBXNativeTarget section */

/* Begin PBXProject section */
		7B7E9B761E66DB690004C6C9 /* Project object */ = {
			isa = PBXProject;
			attributes = {
				LastSwiftUpdateCheck = 0820;
				LastUpgradeCheck = 0820;
				ORGANIZATIONNAME = "Abdulaziz Ismail";
				TargetAttributes = {
					7B7E9B7D1E66DB690004C6C9 = {
						CreatedOnToolsVersion = 8.2.1;
						DevelopmentTeam = N73X6W7Y98;
						ProvisioningStyle = Automatic;
					};
				};
			};
			buildConfigurationList = 7B7E9B791E66DB690004C6C9 /* Build configuration list for PBXProject "CardTrick" */;
			compatibilityVersion = "Xcode 3.2";
			developmentRegion = English;
			hasScannedForEncodings = 0;
			knownRegions = (
				en,
				Base,
			);
			mainGroup = 7B7E9B751E66DB690004C6C9;
			productRefGroup = 7B7E9B7F1E66DB690004C6C9 /* Products */;
			projectDirPath = "";
			projectRoot = "";
			targets = (
				7B7E9B7D1E66DB690004C6C9 /* CardTrick */,
			);
		};
/* End PBXProject section */

/* Begin PBXResourcesBuildPhase section */
		7B7E9B7C1E66DB690004C6C9 /* Resources */ = {
			isa = PBXResourcesBuildPhase;
			buildActionMask = 2147483647;
			files = (
				7B7E9BFB1E66E1910004C6C9 /* spade3.png in Resources */,
				7B7E9BF41E66E1910004C6C9 /* shamrock8.png in Resources */,
				7B7E9BEE1E66E1910004C6C9 /* shamrock2.png in Resources */,
				7B7E9BE71E66E1910004C6C9 /* diamond1.png in Resources */,
				7B7E9BF21E66E1910004C6C9 /* shamrock6.png in Resources */,
				7B7E9BE81E66E1910004C6C9 /* diamond2.png in Resources */,
				7B7E9BE41E66E1910004C6C9 /* diamond13.png in Resources */,
				7B7E9BD61E66E1910004C6C9 /* spade8.png in Resources */,
				7B7E9BE31E66E1910004C6C9 /* spade12.png in Resources */,
				7B7E9BCC1E66E1910004C6C9 /* diamond5.png in Resources */,
				7B7E9BE11E66E1910004C6C9 /* diamond12.png in Resources */,
				7B8069BA1FE42E34000A2F22 /* page3ViewController.xib in Resources */,
				7B7E9BE21E66E1910004C6C9 /* heart12.png in Resources */,
				7B7E9BDE1E66E1910004C6C9 /* diamond11.png in Resources */,
				7B7E9BDF1E66E1910004C6C9 /* heart11.png in Resources */,
				7B8069B61FE41B73000A2F22 /* Page2ViewController.xib in Resources */,
				7B7E9BD11E66E1910004C6C9 /* diamond7.png in Resources */,
				7B7E9BED1E66E1910004C6C9 /* shamrock1.png in Resources */,
				7B7E9BDC1E66E1910004C6C9 /* heart10.png in Resources */,
				7B7E9BDB1E66E1910004C6C9 /* diamond10.png in Resources */,
				7B8069BF1FE4304F000A2F22 /* Page4ViewController.xib in Resources */,
				7B7E9BD71E66E1910004C6C9 /* diamond9.png in Resources */,
				7B7E9BC91E66E1910004C6C9 /* diamond4.png in Resources */,
				7B7E9BD41E66E1910004C6C9 /* diamond8.png in Resources */,
				7B7E9BF11E66E1910004C6C9 /* shamrock5.png in Resources */,
				7B7E9BCB1E66E1910004C6C9 /* spade4.png in Resources */,
				7B7E9BD01E66E1910004C6C9 /* heart6.png in Resources */,
				7B7E9B8C1E66DB690004C6C9 /* LaunchScreen.storyboard in Resources */,
				7B7E9BD51E66E1910004C6C9 /* heart8.png in Resources */,
				7B7E9BDA1E66E1910004C6C9 /* shamrock10.png in Resources */,
				7B7E9BCD1E66E1910004C6C9 /* heart5.png in Resources */,
				7B7E9BDD1E66E1910004C6C9 /* spade10.png in Resources */,
				7B8069B01FE419C6000A2F22 /* PageOneViewController.xib in Resources */,
				7B7E9BE61E66E1910004C6C9 /* spade13.png in Resources */,
				7B7E9BCF1E66E1910004C6C9 /* diamond6.png in Resources */,
				7B7E9BF31E66E1910004C6C9 /* shamrock7.png in Resources */,
				7B7E9BD21E66E1910004C6C9 /* heart7.png in Resources */,
				7B7E9BF01E66E1910004C6C9 /* shamrock4.png in Resources */,
				7B7E9BCE1E66E1910004C6C9 /* spade5.png in Resources */,
				7B7E9BE91E66E1910004C6C9 /* diamond3.png in Resources */,
				7B7E9BF51E66E1910004C6C9 /* shamrock9.png in Resources */,
				7B7E9BEC1E66E1910004C6C9 /* heart3.png in Resources */,
				7B7E9BF81E66E1910004C6C9 /* shamrock13.png in Resources */,
				7B7E9BF61E66E1910004C6C9 /* shamrock11.png in Resources */,
				7B7E9BD31E66E1910004C6C9 /* spade7.png in Resources */,
				7B7E9BE01E66E1910004C6C9 /* spade11.png in Resources */,
				7B7E9B891E66DB690004C6C9 /* Assets.xcassets in Resources */,
				7B7E9BFA1E66E1910004C6C9 /* spade2.png in Resources */,
				7B7E9BEB1E66E1910004C6C9 /* heart2.png in Resources */,
				7B7E9B871E66DB690004C6C9 /* Main.storyboard in Resources */,
				7B7E9BD91E66E1910004C6C9 /* spade9.png in Resources */,
				7B7E9B941E66DD750004C6C9 /* mainScreen.png in Resources */,
				7B7E9BFC1E66E1910004C6C9 /* spade6.png in Resources */,
				7B7E9BEF1E66E1910004C6C9 /* shamrock3.png in Resources */,
				7B7E9BEA1E66E1910004C6C9 /* heart1.png in Resources */,
				7B7E9BE51E66E1910004C6C9 /* heart13.png in Resources */,
				7B7E9BF71E66E1910004C6C9 /* shamrock12.png in Resources */,
				7B7E9BF91E66E1910004C6C9 /* spade1.png in Resources */,
				7B7E9BCA1E66E1910004C6C9 /* heart4.png in Resources */,
			);
			runOnlyForDeploymentPostprocessing = 0;
		};
/* End PBXResourcesBuildPhase section */

/* Begin PBXSourcesBuildPhase section */
		7B7E9B7A1E66DB690004C6C9 /* Sources */ = {
			isa = PBXSourcesBuildPhase;
			buildActionMask = 2147483647;
			files = (
				7B8069B51FE41B73000A2F22 /* Page2ViewController.swift in Sources */,
				7B8069C11FE47FAF000A2F22 /* PracticeViewController.swift in Sources */,
				7B8069BE1FE4304F000A2F22 /* Page4ViewController.swift in Sources */,
				7B8069AF1FE419C6000A2F22 /* PageOneViewController.swift in Sources */,
				7B7E9B841E66DB690004C6C9 /* ViewController.swift in Sources */,
				7B8069B91FE42E34000A2F22 /* page3ViewController.swift in Sources */,
				7B8069B21FE41A0F000A2F22 /* WalkthoughViewController.swift in Sources */,
				7B7E9B821E66DB690004C6C9 /* AppDelegate.swift in Sources */,
			);
			runOnlyForDeploymentPostprocessing = 0;
		};
/* End PBXSourcesBuildPhase section */

/* Begin PBXVariantGroup section */
		7B7E9B851E66DB690004C6C9 /* Main.storyboard */ = {
			isa = PBXVariantGroup;
			children = (
				7B7E9B861E66DB690004C6C9 /* Base */,
			);
			name = Main.storyboard;
			sourceTree = "<group>";
		};
		7B7E9B8A1E66DB690004C6C9 /* LaunchScreen.storyboard */ = {
			isa = PBXVariantGroup;
			children = (
				7B7E9B8B1E66DB690004C6C9 /* Base */,
			);
			name = LaunchScreen.storyboard;
			sourceTree = "<group>";
		};
/* End PBXVariantGroup section */

/* Begin XCBuildConfiguration section */
		7B7E9B8E1E66DB690004C6C9 /* Debug */ = {
			isa = XCBuildConfiguration;
			buildSettings = {
				ALWAYS_SEARCH_USER_PATHS = NO;
				CLANG_ANALYZER_NONNULL = YES;
				CLANG_CXX_LANGUAGE_STANDARD = "gnu++0x";
				CLANG_CXX_LIBRARY = "libc++";
				CLANG_ENABLE_MODULES = YES;
				CLANG_ENABLE_OBJC_ARC = YES;
				CLANG_WARN_BOOL_CONVERSION = YES;
				CLANG_WARN_CONSTANT_CONVERSION = YES;
				CLANG_WARN_DIRECT_OBJC_ISA_USAGE = YES_ERROR;
				CLANG_WARN_DOCUMENTATION_COMMENTS = YES;
				CLANG_WARN_EMPTY_BODY = YES;
				CLANG_WARN_ENUM_CONVERSION = YES;
				CLANG_WARN_INFINITE_RECURSION = YES;
				CLANG_WARN_INT_CONVERSION = YES;
				CLANG_WARN_OBJC_ROOT_CLASS = YES_ERROR;
				CLANG_WARN_SUSPICIOUS_MOVE = YES;
				CLANG_WARN_UNREACHABLE_CODE = YES;
				CLANG_WARN__DUPLICATE_METHOD_MATCH = YES;
				"CODE_SIGN_IDENTITY[sdk=iphoneos*]" = "iPhone Developer";
				COPY_PHASE_STRIP = NO;
				DEBUG_INFORMATION_FORMAT = dwarf;
				ENABLE_STRICT_OBJC_MSGSEND = YES;
				ENABLE_TESTABILITY = YES;
				GCC_C_LANGUAGE_STANDARD = gnu99;
				GCC_DYNAMIC_NO_PIC = NO;
				GCC_NO_COMMON_BLOCKS = YES;
				GCC_OPTIMIZATION_LEVEL = 0;
				GCC_PREPROCESSOR_DEFINITIONS = (
					"DEBUG=1",
					"$(inherited)",
				);
				GCC_WARN_64_TO_32_BIT_CONVERSION = YES;
				GCC_WARN_ABOUT_RETURN_TYPE = YES_ERROR;
				GCC_WARN_UNDECLARED_SELECTOR = YES;
				GCC_WARN_UNINITIALIZED_AUTOS = YES_AGGRESSIVE;
				GCC_WARN_UNUSED_FUNCTION = YES;
				GCC_WARN_UNUSED_VARIABLE = YES;
				IPHONEOS_DEPLOYMENT_TARGET = 10.2;
				MTL_ENABLE_DEBUG_INFO = YES;
				ONLY_ACTIVE_ARCH = YES;
				SDKROOT = iphoneos;
				SWIFT_ACTIVE_COMPILATION_CONDITIONS = DEBUG;
				SWIFT_OPTIMIZATION_LEVEL = "-Onone";
			};
			name = Debug;
		};
		7B7E9B8F1E66DB690004C6C9 /* Release */ = {
			isa = XCBuildConfiguration;
			buildSettings = {
				ALWAYS_SEARCH_USER_PATHS = NO;
				CLANG_ANALYZER_NONNULL = YES;
				CLANG_CXX_LANGUAGE_STANDARD = "gnu++0x";
				CLANG_CXX_LIBRARY = "libc++";
				CLANG_ENABLE_MODULES = YES;
				CLANG_ENABLE_OBJC_ARC = YES;
				CLANG_WARN_BOOL_CONVERSION = YES;
				CLANG_WARN_CONSTANT_CONVERSION = YES;
				CLANG_WARN_DIRECT_OBJC_ISA_USAGE = YES_ERROR;
				CLANG_WARN_DOCUMENTATION_COMMENTS = YES;
				CLANG_WARN_EMPTY_BODY = YES;
				CLANG_WARN_ENUM_CONVERSION = YES;
				CLANG_WARN_INFINITE_RECURSION = YES;
				CLANG_WARN_INT_CONVERSION = YES;
				CLANG_WARN_OBJC_ROOT_CLASS = YES_ERROR;
				CLANG_WARN_SUSPICIOUS_MOVE = YES;
				CLANG_WARN_UNREACHABLE_CODE = YES;
				CLANG_WARN__DUPLICATE_METHOD_MATCH = YES;
				"CODE_SIGN_IDENTITY[sdk=iphoneos*]" = "iPhone Developer";
				COPY_PHASE_STRIP = NO;
				DEBUG_INFORMATION_FORMAT = "dwarf-with-dsym";
				ENABLE_NS_ASSERTIONS = NO;
				ENABLE_STRICT_OBJC_MSGSEND = YES;
				GCC_C_LANGUAGE_STANDARD = gnu99;
				GCC_NO_COMMON_BLOCKS = YES;
				GCC_WARN_64_TO_32_BIT_CONVERSION = YES;
				GCC_WARN_ABOUT_RETURN_TYPE = YES_ERROR;
				GCC_WARN_UNDECLARED_SELECTOR = YES;
				GCC_WARN_UNINITIALIZED_AUTOS = YES_AGGRESSIVE;
				GCC_WARN_UNUSED_FUNCTION = YES;
				GCC_WARN_UNUSED_VARIABLE = YES;
				IPHONEOS_DEPLOYMENT_TARGET = 10.2;
				MTL_ENABLE_DEBUG_INFO = NO;
				SDKROOT = iphoneos;
				SWIFT_OPTIMIZATION_LEVEL = "-Owholemodule";
				VALIDATE_PRODUCT = YES;
			};
			name = Release;
		};
		7B7E9B911E66DB690004C6C9 /* Debug */ = {
			isa = XCBuildConfiguration;
			buildSettings = {
				ASSETCATALOG_COMPILER_APPICON_NAME = AppIcon;
				DEVELOPMENT_TEAM = N73X6W7Y98;
				INFOPLIST_FILE = CardTrick/Info.plist;
				IPHONEOS_DEPLOYMENT_TARGET = 9.3.2;
				LD_RUNPATH_SEARCH_PATHS = "$(inherited) @executable_path/Frameworks";
				PRODUCT_BUNDLE_IDENTIFIER = com.zizo.CardTrick;
				PRODUCT_NAME = "$(TARGET_NAME)";
				SWIFT_VERSION = 3.0;
			};
			name = Debug;
		};
		7B7E9B921E66DB690004C6C9 /* Release */ = {
			isa = XCBuildConfiguration;
			buildSettings = {
				ASSETCATALOG_COMPILER_APPICON_NAME = AppIcon;
				DEVELOPMENT_TEAM = N73X6W7Y98;
				INFOPLIST_FILE = CardTrick/Info.plist;
				IPHONEOS_DEPLOYMENT_TARGET = 9.3.2;
				LD_RUNPATH_SEARCH_PATHS = "$(inherited) @executable_path/Frameworks";
				PRODUCT_BUNDLE_IDENTIFIER = com.zizo.CardTrick;
				PRODUCT_NAME = "$(TARGET_NAME)";
				SWIFT_VERSION = 3.0;
			};
			name = Release;
		};
/* End XCBuildConfiguration section */

/* Begin XCConfigurationList section */
		7B7E9B791E66DB690004C6C9 /* Build configuration list for PBXProject "CardTrick" */ = {
			isa = XCConfigurationList;
			buildConfigurations = (
				7B7E9B8E1E66DB690004C6C9 /* Debug */,
				7B7E9B8F1E66DB690004C6C9 /* Release */,
			);
			defaultConfigurationIsVisible = 0;
			defaultConfigurationName = Release;
		};
		7B7E9B901E66DB690004C6C9 /* Build configuration list for PBXNativeTarget "CardTrick" */ = {
			isa = XCConfigurationList;
			buildConfigurations = (
				7B7E9B911E66DB690004C6C9 /* Debug */,
				7B7E9B921E66DB690004C6C9 /* Release */,
			);
			defaultConfigurationIsVisible = 0;
			defaultConfigurationName = Release;
		};
/* End XCConfigurationList section */
	};
	rootObject = 7B7E9B761E66DB690004C6C9 /* Project object */;
}
